
Microsoft Visual Studio Solution File, Format Version 12.00
# Visual Studio Version 17
VisualStudioVersion = 17.1.32328.378
MinimumVisualStudioVersion = 10.0.40219.1
Project("{FAE04EC0-301F-11D3-BF4B-00C04F79EFBC}") = "GroupProject", "GroupProject\GroupProject.csproj", "{47496E8F-CA1B-40FE-8FC5-7E7FAEC34995}"
EndProject
Global
	GlobalSection(SolutionConfigurationPlatforms) = preSolution
		Debug|Any CPU = Debug|Any CPU
		Release|Any CPU = Release|Any CPU
	EndGlobalSection
	GlobalSection(ProjectConfigurationPlatforms) = postSolution
		{47496E8F-CA1B-40FE-8FC5-7E7FAEC34995}.Debug|Any CPU.ActiveCfg = Debug|Any CPU
		{47496E8F-CA1B-40FE-8FC5-7E7FAEC34995}.Debug|Any CPU.Build.0 = Debug|Any CPU
		{47496E8F-CA1B-40FE-8FC5-7E7FAEC34995}.Release|Any CPU.ActiveCfg = Release|Any CPU
		{47496E8F-CA1B-40FE-8FC5-7E7FAEC34995}.Release|Any CPU.Build.0 = Release|Any CPU
	EndGlobalSection
	GlobalSection(SolutionProperties) = preSolution
		HideSolutionNode = FALSE
	EndGlobalSection
	GlobalSection(ExtensibilityGlobals) = postSolution
		SolutionGuid = {1231FAD1-46A5-4BB7-95BD-1F5D8C14D897}
	EndGlobalSection
EndGlobal
